// !$*UTF8*$!
{
	archiveVersion = 1;
	classes = {
	};
	objectVersion = 46;
	objects = {

/* Begin PBXBuildFile section */
		980180BC1F552CDA00C64B43 /* main.cpp in Sources */ = {isa = PBXBuildFile; fileRef = 980180BB1F552CDA00C64B43 /* main.cpp */; };
		982CE6131F5DB358004176A8 /* Energy.cpp in Sources */ = {isa = PBXBuildFile; fileRef = 982CE6121F5DB358004176A8 /* Energy.cpp */; };
		988ED1281F57211500B21181 /* OpenGL.framework in Frameworks */ = {isa = PBXBuildFile; fileRef = 988ED1271F57211500B21181 /* OpenGL.framework */; };
		988ED12C1F57237F00B21181 /* libglfw.3.2.dylib in Frameworks */ = {isa = PBXBuildFile; fileRef = 988ED12B1F57237F00B21181 /* libglfw.3.2.dylib */; };
		988ED12F1F5727F400B21181 /* TriangleSoup.cpp in Sources */ = {isa = PBXBuildFile; fileRef = 988ED12D1F5727F400B21181 /* TriangleSoup.cpp */; };
		988ED1321F575C3C00B21181 /* IglUtils.cpp in Sources */ = {isa = PBXBuildFile; fileRef = 988ED1301F575C3C00B21181 /* IglUtils.cpp */; };
		988ED1351F5871F200B21181 /* Optimizer.cpp in Sources */ = {isa = PBXBuildFile; fileRef = 988ED1331F5871F200B21181 /* Optimizer.cpp */; };
		98A5A32B1F5F5BB900584EFD /* ARAPEnergy.cpp in Sources */ = {isa = PBXBuildFile; fileRef = 98A5A3291F5F5BB900584EFD /* ARAPEnergy.cpp */; };
		98C2D8F41F6348820048B18A /* SeparationEnergy.cpp in Sources */ = {isa = PBXBuildFile; fileRef = 98C2D8F21F6348820048B18A /* SeparationEnergy.cpp */; };
		98CD13DD1F7306C800350DFD /* CohesiveEnergy.cpp in Sources */ = {isa = PBXBuildFile; fileRef = 98CD13DB1F7306C800350DFD /* CohesiveEnergy.cpp */; };
		98CE47681F71DF6200627725 /* libpardiso500-MACOS-X86-64.dylib in Frameworks */ = {isa = PBXBuildFile; fileRef = 98CE47671F71DF6200627725 /* libpardiso500-MACOS-X86-64.dylib */; };
		98CE476F1F71E66300627725 /* PardisoSolver.cpp in Sources */ = {isa = PBXBuildFile; fileRef = 98CE476D1F71E66300627725 /* PardisoSolver.cpp */; };
		98D10F2D1F5CA12C0010E1A6 /* SymStretchEnergy.cpp in Sources */ = {isa = PBXBuildFile; fileRef = 98D10F2B1F5CA12C0010E1A6 /* SymStretchEnergy.cpp */; };
		98D5B2101F67274100DCE9F4 /* libstb_image.a in Frameworks */ = {isa = PBXBuildFile; fileRef = 98D5B20F1F67274100DCE9F4 /* libstb_image.a */; };
/* End PBXBuildFile section */

/* Begin PBXCopyFilesBuildPhase section */
		980180B61F552CDA00C64B43 /* CopyFiles */ = {
			isa = PBXCopyFilesBuildPhase;
			buildActionMask = 2147483647;
			dstPath = /usr/share/man/man1/;
			dstSubfolderSpec = 0;
			files = (
			);
			runOnlyForDeploymentPostprocessing = 1;
		};
/* End PBXCopyFilesBuildPhase section */

/* Begin PBXFileReference section */
		980180B81F552CDA00C64B43 /* FracCuts */ = {isa = PBXFileReference; explicitFileType = "compiled.mach-o.executable"; includeInIndex = 0; path = FracCuts; sourceTree = BUILT_PRODUCTS_DIR; };
		980180BB1F552CDA00C64B43 /* main.cpp */ = {isa = PBXFileReference; lastKnownFileType = sourcecode.cpp.cpp; path = main.cpp; sourceTree = "<group>"; };
		982CE6121F5DB358004176A8 /* Energy.cpp */ = {isa = PBXFileReference; fileEncoding = 4; lastKnownFileType = sourcecode.cpp.cpp; path = Energy.cpp; sourceTree = "<group>"; };
		988ED1271F57211500B21181 /* OpenGL.framework */ = {isa = PBXFileReference; lastKnownFileType = wrapper.framework; name = OpenGL.framework; path = System/Library/Frameworks/OpenGL.framework; sourceTree = SDKROOT; };
		988ED1291F57212300B21181 /* lib */ = {isa = PBXFileReference; lastKnownFileType = folder; name = lib; path = ../../../../usr/local/lib; sourceTree = "<group>"; };
		988ED12B1F57237F00B21181 /* libglfw.3.2.dylib */ = {isa = PBXFileReference; lastKnownFileType = "compiled.mach-o.dylib"; name = libglfw.3.2.dylib; path = ../../../../usr/local/lib/libglfw.3.2.dylib; sourceTree = "<group>"; };
		988ED12D1F5727F400B21181 /* TriangleSoup.cpp */ = {isa = PBXFileReference; fileEncoding = 4; lastKnownFileType = sourcecode.cpp.cpp; path = TriangleSoup.cpp; sourceTree = "<group>"; };
		988ED12E1F5727F400B21181 /* TriangleSoup.hpp */ = {isa = PBXFileReference; fileEncoding = 4; lastKnownFileType = sourcecode.cpp.h; path = TriangleSoup.hpp; sourceTree = "<group>"; };
		988ED1301F575C3C00B21181 /* IglUtils.cpp */ = {isa = PBXFileReference; fileEncoding = 4; lastKnownFileType = sourcecode.cpp.cpp; path = IglUtils.cpp; sourceTree = "<group>"; };
		988ED1311F575C3C00B21181 /* IglUtils.hpp */ = {isa = PBXFileReference; fileEncoding = 4; lastKnownFileType = sourcecode.cpp.h; path = IglUtils.hpp; sourceTree = "<group>"; };
		988ED1331F5871F200B21181 /* Optimizer.cpp */ = {isa = PBXFileReference; fileEncoding = 4; lastKnownFileType = sourcecode.cpp.cpp; path = Optimizer.cpp; sourceTree = "<group>"; };
		988ED1341F5871F200B21181 /* Optimizer.hpp */ = {isa = PBXFileReference; fileEncoding = 4; lastKnownFileType = sourcecode.cpp.h; path = Optimizer.hpp; sourceTree = "<group>"; };
		988ED1371F58721B00B21181 /* Energy.hpp */ = {isa = PBXFileReference; fileEncoding = 4; lastKnownFileType = sourcecode.cpp.h; path = Energy.hpp; sourceTree = "<group>"; };
		98A5A3291F5F5BB900584EFD /* ARAPEnergy.cpp */ = {isa = PBXFileReference; fileEncoding = 4; lastKnownFileType = sourcecode.cpp.cpp; path = ARAPEnergy.cpp; sourceTree = "<group>"; };
		98A5A32A1F5F5BB900584EFD /* ARAPEnergy.hpp */ = {isa = PBXFileReference; fileEncoding = 4; lastKnownFileType = sourcecode.cpp.h; path = ARAPEnergy.hpp; sourceTree = "<group>"; };
		98C2D8F21F6348820048B18A /* SeparationEnergy.cpp */ = {isa = PBXFileReference; fileEncoding = 4; lastKnownFileType = sourcecode.cpp.cpp; path = SeparationEnergy.cpp; sourceTree = "<group>"; };
		98C2D8F31F6348820048B18A /* SeparationEnergy.hpp */ = {isa = PBXFileReference; fileEncoding = 4; lastKnownFileType = sourcecode.cpp.h; path = SeparationEnergy.hpp; sourceTree = "<group>"; };
		98CD13DB1F7306C800350DFD /* CohesiveEnergy.cpp */ = {isa = PBXFileReference; fileEncoding = 4; lastKnownFileType = sourcecode.cpp.cpp; path = CohesiveEnergy.cpp; sourceTree = "<group>"; };
		98CD13DC1F7306C800350DFD /* CohesiveEnergy.hpp */ = {isa = PBXFileReference; fileEncoding = 4; lastKnownFileType = sourcecode.cpp.h; path = CohesiveEnergy.hpp; sourceTree = "<group>"; };
		98CE47671F71DF6200627725 /* libpardiso500-MACOS-X86-64.dylib */ = {isa = PBXFileReference; lastKnownFileType = "compiled.mach-o.dylib"; name = "libpardiso500-MACOS-X86-64.dylib"; path = "../../../../usr/local/lib/libpardiso500-MACOS-X86-64.dylib"; sourceTree = "<group>"; };
		98CE47691F71E2DC00627725 /* gfortran */ = {isa = PBXFileReference; lastKnownFileType = folder; name = gfortran; path = ../../../../usr/local/gfortran; sourceTree = "<group>"; };
		98CE476D1F71E66300627725 /* PardisoSolver.cpp */ = {isa = PBXFileReference; fileEncoding = 4; lastKnownFileType = sourcecode.cpp.cpp; path = PardisoSolver.cpp; sourceTree = "<group>"; };
		98CE476E1F71E66300627725 /* PardisoSolver.hpp */ = {isa = PBXFileReference; fileEncoding = 4; lastKnownFileType = sourcecode.cpp.h; path = PardisoSolver.hpp; sourceTree = "<group>"; };
		98D10F2B1F5CA12C0010E1A6 /* SymStretchEnergy.cpp */ = {isa = PBXFileReference; fileEncoding = 4; lastKnownFileType = sourcecode.cpp.cpp; path = SymStretchEnergy.cpp; sourceTree = "<group>"; };
		98D10F2C1F5CA12C0010E1A6 /* SymStretchEnergy.hpp */ = {isa = PBXFileReference; fileEncoding = 4; lastKnownFileType = sourcecode.cpp.h; path = SymStretchEnergy.hpp; sourceTree = "<group>"; };
		98D5B20F1F67274100DCE9F4 /* libstb_image.a */ = {isa = PBXFileReference; lastKnownFileType = archive.ar; name = libstb_image.a; path = ../../../../usr/local/lib/libstb_image.a; sourceTree = "<group>"; };
/* End PBXFileReference section */

/* Begin PBXFrameworksBuildPhase section */
		980180B51F552CDA00C64B43 /* Frameworks */ = {
			isa = PBXFrameworksBuildPhase;
			buildActionMask = 2147483647;
			files = (
				98CE47681F71DF6200627725 /* libpardiso500-MACOS-X86-64.dylib in Frameworks */,
				98D5B2101F67274100DCE9F4 /* libstb_image.a in Frameworks */,
				988ED12C1F57237F00B21181 /* libglfw.3.2.dylib in Frameworks */,
				988ED1281F57211500B21181 /* OpenGL.framework in Frameworks */,
			);
			runOnlyForDeploymentPostprocessing = 0;
		};
/* End PBXFrameworksBuildPhase section */

/* Begin PBXGroup section */
		980180AF1F552CDA00C64B43 = {
			isa = PBXGroup;
			children = (
				980180BA1F552CDA00C64B43 /* FracCuts */,
				980180B91F552CDA00C64B43 /* Products */,
				988ED1261F57211500B21181 /* Frameworks */,
			);
			sourceTree = "<group>";
		};
		980180B91F552CDA00C64B43 /* Products */ = {
			isa = PBXGroup;
			children = (
				980180B81F552CDA00C64B43 /* FracCuts */,
			);
			name = Products;
			sourceTree = "<group>";
		};
		980180BA1F552CDA00C64B43 /* FracCuts */ = {
			isa = PBXGroup;
			children = (
				98CE476D1F71E66300627725 /* PardisoSolver.cpp */,
				98CE476E1F71E66300627725 /* PardisoSolver.hpp */,
				98D10F2B1F5CA12C0010E1A6 /* SymStretchEnergy.cpp */,
				98D10F2C1F5CA12C0010E1A6 /* SymStretchEnergy.hpp */,
				980180BB1F552CDA00C64B43 /* main.cpp */,
				988ED1301F575C3C00B21181 /* IglUtils.cpp */,
				988ED1311F575C3C00B21181 /* IglUtils.hpp */,
				988ED12D1F5727F400B21181 /* TriangleSoup.cpp */,
				988ED12E1F5727F400B21181 /* TriangleSoup.hpp */,
				988ED1331F5871F200B21181 /* Optimizer.cpp */,
				988ED1341F5871F200B21181 /* Optimizer.hpp */,
				988ED1371F58721B00B21181 /* Energy.hpp */,
				982CE6121F5DB358004176A8 /* Energy.cpp */,
				98A5A3291F5F5BB900584EFD /* ARAPEnergy.cpp */,
				98A5A32A1F5F5BB900584EFD /* ARAPEnergy.hpp */,
				98C2D8F21F6348820048B18A /* SeparationEnergy.cpp */,
				98C2D8F31F6348820048B18A /* SeparationEnergy.hpp */,
				98CD13DB1F7306C800350DFD /* CohesiveEnergy.cpp */,
				98CD13DC1F7306C800350DFD /* CohesiveEnergy.hpp */,
			);
			path = FracCuts;
			sourceTree = "<group>";
		};
		988ED1261F57211500B21181 /* Frameworks */ = {
			isa = PBXGroup;
			children = (
				98CE47691F71E2DC00627725 /* gfortran */,
				98CE47671F71DF6200627725 /* libpardiso500-MACOS-X86-64.dylib */,
				98D5B20F1F67274100DCE9F4 /* libstb_image.a */,
				988ED12B1F57237F00B21181 /* libglfw.3.2.dylib */,
				988ED1291F57212300B21181 /* lib */,
				988ED1271F57211500B21181 /* OpenGL.framework */,
			);
			name = Frameworks;
			sourceTree = "<group>";
		};
/* End PBXGroup section */

/* Begin PBXNativeTarget section */
		980180B71F552CDA00C64B43 /* FracCuts */ = {
			isa = PBXNativeTarget;
			buildConfigurationList = 980180BF1F552CDA00C64B43 /* Build configuration list for PBXNativeTarget "FracCuts" */;
			buildPhases = (
				980180B41F552CDA00C64B43 /* Sources */,
				980180B51F552CDA00C64B43 /* Frameworks */,
				980180B61F552CDA00C64B43 /* CopyFiles */,
			);
			buildRules = (
			);
			dependencies = (
			);
			name = FracCuts;
			productName = FracCuts;
			productReference = 980180B81F552CDA00C64B43 /* FracCuts */;
			productType = "com.apple.product-type.tool";
		};
/* End PBXNativeTarget section */

/* Begin PBXProject section */
		980180B01F552CDA00C64B43 /* Project object */ = {
			isa = PBXProject;
			attributes = {
				LastUpgradeCheck = 0830;
				ORGANIZATIONNAME = "Minchen Li";
				TargetAttributes = {
					980180B71F552CDA00C64B43 = {
						CreatedOnToolsVersion = 8.3.3;
						ProvisioningStyle = Automatic;
					};
				};
			};
			buildConfigurationList = 980180B31F552CDA00C64B43 /* Build configuration list for PBXProject "FracCuts" */;
			compatibilityVersion = "Xcode 3.2";
			developmentRegion = English;
			hasScannedForEncodings = 0;
			knownRegions = (
				en,
			);
			mainGroup = 980180AF1F552CDA00C64B43;
			productRefGroup = 980180B91F552CDA00C64B43 /* Products */;
			projectDirPath = "";
			projectRoot = "";
			targets = (
				980180B71F552CDA00C64B43 /* FracCuts */,
			);
		};
/* End PBXProject section */

/* Begin PBXSourcesBuildPhase section */
		980180B41F552CDA00C64B43 /* Sources */ = {
			isa = PBXSourcesBuildPhase;
			buildActionMask = 2147483647;
			files = (
				988ED1321F575C3C00B21181 /* IglUtils.cpp in Sources */,
				982CE6131F5DB358004176A8 /* Energy.cpp in Sources */,
				988ED1351F5871F200B21181 /* Optimizer.cpp in Sources */,
				98CE476F1F71E66300627725 /* PardisoSolver.cpp in Sources */,
				98D10F2D1F5CA12C0010E1A6 /* SymStretchEnergy.cpp in Sources */,
				98A5A32B1F5F5BB900584EFD /* ARAPEnergy.cpp in Sources */,
				98C2D8F41F6348820048B18A /* SeparationEnergy.cpp in Sources */,
				988ED12F1F5727F400B21181 /* TriangleSoup.cpp in Sources */,
				980180BC1F552CDA00C64B43 /* main.cpp in Sources */,
				98CD13DD1F7306C800350DFD /* CohesiveEnergy.cpp in Sources */,
			);
			runOnlyForDeploymentPostprocessing = 0;
		};
/* End PBXSourcesBuildPhase section */

/* Begin XCBuildConfiguration section */
		980180BD1F552CDA00C64B43 /* Debug */ = {
			isa = XCBuildConfiguration;
			buildSettings = {
				ALWAYS_SEARCH_USER_PATHS = NO;
				CLANG_ANALYZER_NONNULL = YES;
				CLANG_ANALYZER_NUMBER_OBJECT_CONVERSION = YES_AGGRESSIVE;
				CLANG_CXX_LANGUAGE_STANDARD = "gnu++0x";
				CLANG_CXX_LIBRARY = "libc++";
				CLANG_ENABLE_MODULES = YES;
				CLANG_ENABLE_OBJC_ARC = YES;
				CLANG_WARN_BOOL_CONVERSION = YES;
				CLANG_WARN_CONSTANT_CONVERSION = YES;
				CLANG_WARN_DIRECT_OBJC_ISA_USAGE = YES_ERROR;
				CLANG_WARN_DOCUMENTATION_COMMENTS = YES;
				CLANG_WARN_EMPTY_BODY = YES;
				CLANG_WARN_ENUM_CONVERSION = YES;
				CLANG_WARN_INFINITE_RECURSION = YES;
				CLANG_WARN_INT_CONVERSION = YES;
				CLANG_WARN_OBJC_ROOT_CLASS = YES_ERROR;
				CLANG_WARN_SUSPICIOUS_MOVE = YES;
				CLANG_WARN_UNREACHABLE_CODE = YES;
				CLANG_WARN__DUPLICATE_METHOD_MATCH = YES;
				CODE_SIGN_IDENTITY = "-";
				COPY_PHASE_STRIP = NO;
				DEBUG_INFORMATION_FORMAT = dwarf;
				ENABLE_STRICT_OBJC_MSGSEND = YES;
				ENABLE_TESTABILITY = YES;
				GCC_C_LANGUAGE_STANDARD = gnu99;
				GCC_DYNAMIC_NO_PIC = NO;
				GCC_NO_COMMON_BLOCKS = YES;
				GCC_OPTIMIZATION_LEVEL = 0;
				GCC_PREPROCESSOR_DEFINITIONS = (
					"DEBUG=1",
					"$(inherited)",
				);
				GCC_WARN_64_TO_32_BIT_CONVERSION = YES;
				GCC_WARN_ABOUT_RETURN_TYPE = YES_ERROR;
				GCC_WARN_UNDECLARED_SELECTOR = YES;
				GCC_WARN_UNINITIALIZED_AUTOS = YES_AGGRESSIVE;
				GCC_WARN_UNUSED_FUNCTION = YES;
				GCC_WARN_UNUSED_VARIABLE = YES;
				MACOSX_DEPLOYMENT_TARGET = 10.12;
				MTL_ENABLE_DEBUG_INFO = YES;
				ONLY_ACTIVE_ARCH = YES;
				SDKROOT = macosx;
			};
			name = Debug;
		};
		980180BE1F552CDA00C64B43 /* Release */ = {
			isa = XCBuildConfiguration;
			buildSettings = {
				ALWAYS_SEARCH_USER_PATHS = NO;
				CLANG_ANALYZER_NONNULL = YES;
				CLANG_ANALYZER_NUMBER_OBJECT_CONVERSION = YES_AGGRESSIVE;
				CLANG_CXX_LANGUAGE_STANDARD = "gnu++0x";
				CLANG_CXX_LIBRARY = "libc++";
				CLANG_ENABLE_MODULES = YES;
				CLANG_ENABLE_OBJC_ARC = YES;
				CLANG_WARN_BOOL_CONVERSION = YES;
				CLANG_WARN_CONSTANT_CONVERSION = YES;
				CLANG_WARN_DIRECT_OBJC_ISA_USAGE = YES_ERROR;
				CLANG_WARN_DOCUMENTATION_COMMENTS = YES;
				CLANG_WARN_EMPTY_BODY = YES;
				CLANG_WARN_ENUM_CONVERSION = YES;
				CLANG_WARN_INFINITE_RECURSION = YES;
				CLANG_WARN_INT_CONVERSION = YES;
				CLANG_WARN_OBJC_ROOT_CLASS = YES_ERROR;
				CLANG_WARN_SUSPICIOUS_MOVE = YES;
				CLANG_WARN_UNREACHABLE_CODE = YES;
				CLANG_WARN__DUPLICATE_METHOD_MATCH = YES;
				CODE_SIGN_IDENTITY = "-";
				COPY_PHASE_STRIP = NO;
				DEBUG_INFORMATION_FORMAT = "dwarf-with-dsym";
				ENABLE_NS_ASSERTIONS = NO;
				ENABLE_STRICT_OBJC_MSGSEND = YES;
				GCC_C_LANGUAGE_STANDARD = gnu99;
				GCC_NO_COMMON_BLOCKS = YES;
				GCC_WARN_64_TO_32_BIT_CONVERSION = YES;
				GCC_WARN_ABOUT_RETURN_TYPE = YES_ERROR;
				GCC_WARN_UNDECLARED_SELECTOR = YES;
				GCC_WARN_UNINITIALIZED_AUTOS = YES_AGGRESSIVE;
				GCC_WARN_UNUSED_FUNCTION = YES;
				GCC_WARN_UNUSED_VARIABLE = YES;
				MACOSX_DEPLOYMENT_TARGET = 10.12;
				MTL_ENABLE_DEBUG_INFO = NO;
				SDKROOT = macosx;
			};
			name = Release;
		};
		980180C01F552CDA00C64B43 /* Debug */ = {
			isa = XCBuildConfiguration;
			buildSettings = {
				HEADER_SEARCH_PATHS = (
					/Users/mincli/Documents/libigl/include,
					"/Users/mincli/Documents/eigen-eigen-5a0156e40feb",
					"/Users/mincli/Documents/glfw-3.2.1/include",
					/Users/mincli/Documents/libigl/external/stb_image,
				);
				LIBRARY_SEARCH_PATHS = (
					/usr/local/lib,
					/usr/local/gfortran/lib,
				);
				OTHER_LDFLAGS = "";
				PRODUCT_NAME = "$(TARGET_NAME)";
			};
			name = Debug;
		};
		980180C11F552CDA00C64B43 /* Release */ = {
			isa = XCBuildConfiguration;
			buildSettings = {
				HEADER_SEARCH_PATHS = (
					/Users/mincli/Documents/libigl/include,
					"/Users/mincli/Documents/eigen-eigen-5a0156e40feb",
					"/Users/mincli/Documents/glfw-3.2.1/include",
					/Users/mincli/Documents/libigl/external/stb_image,
				);
				LIBRARY_SEARCH_PATHS = (
					/usr/local/lib,
					/usr/local/gfortran/lib,
				);
				OTHER_LDFLAGS = "";
				PRODUCT_NAME = "$(TARGET_NAME)";
			};
			name = Release;
		};
/* End XCBuildConfiguration section */

/* Begin XCConfigurationList section */
		980180B31F552CDA00C64B43 /* Build configuration list for PBXProject "FracCuts" */ = {
			isa = XCConfigurationList;
			buildConfigurations = (
				980180BD1F552CDA00C64B43 /* Debug */,
				980180BE1F552CDA00C64B43 /* Release */,
			);
			defaultConfigurationIsVisible = 0;
			defaultConfigurationName = Release;
		};
		980180BF1F552CDA00C64B43 /* Build configuration list for PBXNativeTarget "FracCuts" */ = {
			isa = XCConfigurationList;
			buildConfigurations = (
				980180C01F552CDA00C64B43 /* Debug */,
				980180C11F552CDA00C64B43 /* Release */,
			);
			defaultConfigurationIsVisible = 0;
			defaultConfigurationName = Release;
		};
/* End XCConfigurationList section */
	};
	rootObject = 980180B01F552CDA00C64B43 /* Project object */;
}
