<?xml version="1.0" encoding="UTF-8"?>
<Scheme
   LastUpgradeVersion = "0830"
   version = "1.3">
   <BuildAction
      parallelizeBuildables = "YES"
      buildImplicitDependencies = "YES">
      <BuildActionEntries>
         <BuildActionEntry
            buildForTesting = "YES"
            buildForRunning = "YES"
            buildForProfiling = "YES"
            buildForArchiving = "YES"
            buildForAnalyzing = "YES">
            <BuildableReference
               BuildableIdentifier = "primary"
               BlueprintIdentifier = "980180B71F552CDA00C64B43"
               BuildableName = "FracCuts"
               BlueprintName = "FracCuts"
               ReferencedContainer = "container:FracCuts.xcodeproj">
            </BuildableReference>
         </BuildActionEntry>
      </BuildActionEntries>
   </BuildAction>
   <TestAction
      buildConfiguration = "Debug"
      selectedDebuggerIdentifier = "Xcode.DebuggerFoundation.Debugger.LLDB"
      selectedLauncherIdentifier = "Xcode.DebuggerFoundation.Launcher.LLDB"
      shouldUseLaunchSchemeArgsEnv = "YES">
      <Testables>
      </Testables>
      <MacroExpansion>
         <BuildableReference
            BuildableIdentifier = "primary"
            BlueprintIdentifier = "980180B71F552CDA00C64B43"
            BuildableName = "FracCuts"
            BlueprintName = "FracCuts"
            ReferencedContainer = "container:FracCuts.xcodeproj">
         </BuildableReference>
      </MacroExpansion>
      <AdditionalOptions>
      </AdditionalOptions>
   </TestAction>
   <LaunchAction
      buildConfiguration = "Release"
      selectedDebuggerIdentifier = ""
      selectedLauncherIdentifier = "Xcode.IDEFoundation.Launcher.PosixSpawn"
      launchStyle = "0"
      useCustomWorkingDirectory = "NO"
      ignoresPersistentStateOnLaunch = "NO"
      debugDocumentVersioning = "YES"
      debugServiceExtension = "internal"
      allowLocationSimulation = "YES">
      <BuildableProductRunnable
         runnableDebuggingMode = "0">
         <BuildableReference
            BuildableIdentifier = "primary"
            BlueprintIdentifier = "980180B71F552CDA00C64B43"
            BuildableName = "FracCuts"
            BlueprintName = "FracCuts"
            ReferencedContainer = "container:FracCuts.xcodeproj">
         </BuildableReference>
      </BuildableProductRunnable>
      <CommandLineArguments>
         <CommandLineArgument
            argument = "0 camelhead_f1500.obj 0.1 16 0 test"
            isEnabled = "NO">
         </CommandLineArgument>
         <CommandLineArgument
            argument = "0 mergeTest.obj 0.1 16 0"
            isEnabled = "NO">
         </CommandLineArgument>
         <CommandLineArgument
            argument = "0 cone_test.obj 0.0 16 0"
            isEnabled = "NO">
         </CommandLineArgument>
         <CommandLineArgument
            argument = "0 cat_T_SD.obj 0.01 16 0"
            isEnabled = "NO">
         </CommandLineArgument>
         <CommandLineArgument
            argument = "0 bishop_part_f1000.obj 0.1 1 0 cohE"
            isEnabled = "NO">
         </CommandLineArgument>
         <CommandLineArgument
            argument = "0 cow1_f1600.obj 0.1 16 1"
            isEnabled = "NO">
         </CommandLineArgument>
         <CommandLineArgument
            argument = "0 cat_f1500.obj 0.01 16 0"
            isEnabled = "NO">
         </CommandLineArgument>
         <CommandLineArgument
            argument = "0 cone2.0_f1500.obj 0.05 16 0 test"
            isEnabled = "YES">
         </CommandLineArgument>
         <CommandLineArgument
            argument = "0 bunny_f2000.obj 0.1 16 1"
            isEnabled = "NO">
         </CommandLineArgument>
         <CommandLineArgument
            argument = "0 sphere_R_0.5.obj 0.5 16 0 test"
            isEnabled = "NO">
         </CommandLineArgument>
         <CommandLineArgument
            argument = "0 pyramid_f256.obj 0.01 16 1 eigen"
            isEnabled = "NO">
         </CommandLineArgument>
         <CommandLineArgument
            argument = "0 chf1000_T_0.obj 0.1 16 0"
            isEnabled = "NO">
         </CommandLineArgument>
         <CommandLineArgument
            argument = "1 0 /Users/mincli/Desktop/output_FracCuts/cmH1000_tutte_0.2_8.0_modifiedSH/precondMtr_140"
            isEnabled = "NO">
         </CommandLineArgument>
      </CommandLineArguments>
      <AdditionalOptions>
      </AdditionalOptions>
   </LaunchAction>
   <ProfileAction
      buildConfiguration = "Release"
      shouldUseLaunchSchemeArgsEnv = "YES"
      savedToolIdentifier = ""
      useCustomWorkingDirectory = "NO"
      debugDocumentVersioning = "YES">
      <BuildableProductRunnable
         runnableDebuggingMode = "0">
         <BuildableReference
            BuildableIdentifier = "primary"
            BlueprintIdentifier = "980180B71F552CDA00C64B43"
            BuildableName = "FracCuts"
            BlueprintName = "FracCuts"
            ReferencedContainer = "container:FracCuts.xcodeproj">
         </BuildableReference>
      </BuildableProductRunnable>
   </ProfileAction>
   <AnalyzeAction
      buildConfiguration = "Debug">
   </AnalyzeAction>
   <ArchiveAction
      buildConfiguration = "Release"
      revealArchiveInOrganizer = "YES">
   </ArchiveAction>
</Scheme>
