<?xml version="1.0" encoding="UTF-8"?>
<Scheme
   LastUpgradeVersion = "0830"
   version = "1.3">
   <BuildAction
      parallelizeBuildables = "YES"
      buildImplicitDependencies = "YES">
      <BuildActionEntries>
         <BuildActionEntry
            buildForTesting = "YES"
            buildForRunning = "YES"
            buildForProfiling = "YES"
            buildForArchiving = "YES"
            buildForAnalyzing = "YES">
            <BuildableReference
               BuildableIdentifier = "primary"
               BlueprintIdentifier = "980180B71F552CDA00C64B43"
               BuildableName = "FracCuts"
               BlueprintName = "FracCuts"
               ReferencedContainer = "container:FracCuts.xcodeproj">
            </BuildableReference>
         </BuildActionEntry>
      </BuildActionEntries>
   </BuildAction>
   <TestAction
      buildConfiguration = "Release"
      selectedDebuggerIdentifier = "Xcode.DebuggerFoundation.Debugger.LLDB"
      selectedLauncherIdentifier = "Xcode.DebuggerFoundation.Launcher.LLDB"
      shouldUseLaunchSchemeArgsEnv = "YES">
      <Testables>
      </Testables>
      <MacroExpansion>
         <BuildableReference
            BuildableIdentifier = "primary"
            BlueprintIdentifier = "980180B71F552CDA00C64B43"
            BuildableName = "FracCuts"
            BlueprintName = "FracCuts"
            ReferencedContainer = "container:FracCuts.xcodeproj">
         </BuildableReference>
      </MacroExpansion>
      <AdditionalOptions>
      </AdditionalOptions>
   </TestAction>
   <LaunchAction
      buildConfiguration = "Release"
      selectedDebuggerIdentifier = ""
      selectedLauncherIdentifier = "Xcode.IDEFoundation.Launcher.PosixSpawn"
      launchStyle = "0"
      useCustomWorkingDirectory = "NO"
      ignoresPersistentStateOnLaunch = "NO"
      debugDocumentVersioning = "YES"
      debugServiceExtension = "internal"
      allowLocationSimulation = "YES">
      <BuildableProductRunnable
         runnableDebuggingMode = "0">
         <BuildableReference
            BuildableIdentifier = "primary"
            BlueprintIdentifier = "980180B71F552CDA00C64B43"
            BuildableName = "FracCuts"
            BlueprintName = "FracCuts"
            ReferencedContainer = "container:FracCuts.xcodeproj">
         </BuildableReference>
      </BuildableProductRunnable>
      <CommandLineArguments>
         <CommandLineArgument
            argument = "0 /Users/mincli/Downloads/meshes/closed/cow_head.obj 0.025 16 3 test"
            isEnabled = "NO">
         </CommandLineArgument>
         <CommandLineArgument
            argument = "0 /Applications/XAMPP/xamppfiles/htdocs/expResults/results20/chinese_lion_i_f10000_Tutte_0.025_42_OursFixed/finalResult_mesh.obj 0.025 16 3 test"
            isEnabled = "NO">
         </CommandLineArgument>
         <CommandLineArgument
            argument = "0 /Users/mincli/Downloads/meshes/closed/triceratops_param_closed.obj 0.025 16 3 test"
            isEnabled = "NO">
         </CommandLineArgument>
         <CommandLineArgument
            argument = "0 /Users/mincli/Downloads/meshes/closed/bunny.obj 0.025 6 3 test"
            isEnabled = "NO">
         </CommandLineArgument>
         <CommandLineArgument
            argument = "0 /Users/mincli/Downloads/meshes/closed/sphere_uniRemesh.obj 0.025 1 0 test"
            isEnabled = "NO">
         </CommandLineArgument>
         <CommandLineArgument
            argument = "0 /Users/mincli/Downloads/meshes/closed/tiger_noUV.obj 0.025 1 3 test"
            isEnabled = "NO">
         </CommandLineArgument>
         <CommandLineArgument
            argument = "0 /Users/mincli/Downloads/meshes/needMoreTime/rgb_dragon_o_f8000.obj 0.025 4 0 test"
            isEnabled = "NO">
         </CommandLineArgument>
         <CommandLineArgument
            argument = "0 /Users/mincli/Downloads/meshes/needMoreTime/lucy_o_f8000.obj 0.025 4 3 test"
            isEnabled = "NO">
         </CommandLineArgument>
         <CommandLineArgument
            argument = "100 /Users/mincli/Downloads/meshes/needMoreTime/gargoyle_i_f10000.obj 0.025 4 2 test"
            isEnabled = "NO">
         </CommandLineArgument>
         <CommandLineArgument
            argument = "0 /Users/mincli/Downloads/meshes/needMoreTime/dilo_o_f10000.obj 0.025 1 0 test"
            isEnabled = "NO">
         </CommandLineArgument>
         <CommandLineArgument
            argument = "100 /Users/mincli/Downloads/meshes/needMoreTime/vase_lion_o_f20000.obj 0.025 4 3 test"
            isEnabled = "NO">
         </CommandLineArgument>
         <CommandLineArgument
            argument = "100 /Users/mincli/Downloads/meshes/needSmallerTol_/hand_1_i_f5000.obj 0.001 1 0 test"
            isEnabled = "NO">
         </CommandLineArgument>
         <CommandLineArgument
            argument = "0 /Users/mincli/Downloads/meshes/needSmallerTol_/max_planck_i_f8000.obj 0.025 6 0 test"
            isEnabled = "NO">
         </CommandLineArgument>
         <CommandLineArgument
            argument = "0 /Users/mincli/Downloads/meshes/statue_5_i_f10000.obj 0.025 1 3 test"
            isEnabled = "NO">
         </CommandLineArgument>
         <CommandLineArgument
            argument = "0 /Users/mincli/Downloads/meshes/caesar1.obj 0.001 1 0 test"
            isEnabled = "NO">
         </CommandLineArgument>
         <CommandLineArgument
            argument = "0 /Users/mincli/Downloads/meshes/chinese_lion_i_f10000.obj 0.025 1 0 test"
            isEnabled = "NO">
         </CommandLineArgument>
         <CommandLineArgument
            argument = "0 /Users/mincli/Downloads/meshes/bimba.obj 0.025 1 3 test"
            isEnabled = "NO">
         </CommandLineArgument>
         <CommandLineArgument
            argument = "0 /Users/mincli/Downloads/meshes/planck_s1.obj 0.999 1 0 test"
            isEnabled = "NO">
         </CommandLineArgument>
         <CommandLineArgument
            argument = "0 /Users/mincli/Downloads/meshes/statue_5_i_f10000.obj 0.025 1 3 testt"
            isEnabled = "NO">
         </CommandLineArgument>
         <CommandLineArgument
            argument = "0 /Users/mincli/Downloads/meshes/golf.obj 0.025 1 0 test"
            isEnabled = "NO">
         </CommandLineArgument>
         <CommandLineArgument
            argument = "0 /Users/mincli/Downloads/meshes/bull.obj 0.025 1 3 test"
            isEnabled = "NO">
         </CommandLineArgument>
         <CommandLineArgument
            argument = "0 /Users/mincli/Downloads/meshes/male_body_i_f10000.obj 0.025 1 3 test"
            isEnabled = "NO">
         </CommandLineArgument>
         <CommandLineArgument
            argument = "0 /Users/mincli/Downloads/meshes/camel_vova_f10000.obj 0.025 1 3 test"
            isEnabled = "NO">
         </CommandLineArgument>
         <CommandLineArgument
            argument = "100 /Users/mincli/Downloads/meshes/bunny_decim_noInputUV.obj 0.025 1 3 test"
            isEnabled = "NO">
         </CommandLineArgument>
         <CommandLineArgument
            argument = "0 cone2.0.obj 0.04 8 3 test"
            isEnabled = "NO">
         </CommandLineArgument>
         <CommandLineArgument
            argument = "0 cone2.0_f1500.obj 0.025 16 3 test"
            isEnabled = "NO">
         </CommandLineArgument>
         <CommandLineArgument
            argument = "0 camelhead_f1000.off 0.025 8 0 test"
            isEnabled = "NO">
         </CommandLineArgument>
         <CommandLineArgument
            argument = "0 bishop_part_f1000.obj 0.025 8 0 test"
            isEnabled = "NO">
         </CommandLineArgument>
         <CommandLineArgument
            argument = "0 cat.obj 0.025 1 0 test"
            isEnabled = "NO">
         </CommandLineArgument>
         <CommandLineArgument
            argument = "0 face_f10000.obj 0.025 16 0 test"
            isEnabled = "NO">
         </CommandLineArgument>
         <CommandLineArgument
            argument = "0 pyramid_f3000.obj 0.025 1 0 test"
            isEnabled = "NO">
         </CommandLineArgument>
         <CommandLineArgument
            argument = "0 bishop_part_f1000_ours.obj 0.99 0 0 test"
            isEnabled = "NO">
         </CommandLineArgument>
         <CommandLineArgument
            argument = "0 cat_ours.obj 0.99 0 0 test"
            isEnabled = "NO">
         </CommandLineArgument>
         <CommandLineArgument
            argument = "0 hand_1_i_f5000_ours.obj 0.99 0 0 test"
            isEnabled = "NO">
         </CommandLineArgument>
         <CommandLineArgument
            argument = "1 0 /Users/mincli/Desktop/output_FracCuts/cmH1000_tutte_0.2_8.0_modifiedSH/precondMtr_140"
            isEnabled = "NO">
         </CommandLineArgument>
         <CommandLineArgument
            argument = "1 1 /Applications/XAMPP/xamppfiles/htdocs/expResults/results12"
            isEnabled = "NO">
         </CommandLineArgument>
         <CommandLineArgument
            argument = "1 2 /Users/mincli/Desktop/output_AutoCuts/"
            isEnabled = "NO">
         </CommandLineArgument>
         <CommandLineArgument
            argument = "1 3 /Users/mincli/Desktop/output_FracCuts/"
            isEnabled = "NO">
         </CommandLineArgument>
         <CommandLineArgument
            argument = "1 2 /Applications/XAMPP/xamppfiles/htdocs/expResults/results17/"
            isEnabled = "NO">
         </CommandLineArgument>
         <CommandLineArgument
            argument = "2 /Users/mincli/Desktop/meshes/test16_postTopo.obj 2"
            isEnabled = "NO">
         </CommandLineArgument>
         <CommandLineArgument
            argument = "2 /Users/mincli/Desktop/meshes/bishop_part_f1000_ours.obj 3"
            isEnabled = "YES">
         </CommandLineArgument>
         <CommandLineArgument
            argument = "0 /Users/mincli/Downloads/meshes/bull.obj 0.025 1 0 test"
            isEnabled = "NO">
         </CommandLineArgument>
         <CommandLineArgument
            argument = "0 /Users/mincli/Downloads/meshes/closed/sphere_uniRemesh.obj 0.025 1 0 test"
            isEnabled = "NO">
         </CommandLineArgument>
      </CommandLineArguments>
      <AdditionalOptions>
      </AdditionalOptions>
   </LaunchAction>
   <ProfileAction
      buildConfiguration = "Release"
      shouldUseLaunchSchemeArgsEnv = "YES"
      savedToolIdentifier = ""
      useCustomWorkingDirectory = "NO"
      debugDocumentVersioning = "YES">
      <BuildableProductRunnable
         runnableDebuggingMode = "0">
         <BuildableReference
            BuildableIdentifier = "primary"
            BlueprintIdentifier = "980180B71F552CDA00C64B43"
            BuildableName = "FracCuts"
            BlueprintName = "FracCuts"
            ReferencedContainer = "container:FracCuts.xcodeproj">
         </BuildableReference>
      </BuildableProductRunnable>
   </ProfileAction>
   <AnalyzeAction
      buildConfiguration = "Release">
   </AnalyzeAction>
   <ArchiveAction
      buildConfiguration = "Release"
      revealArchiveInOrganizer = "YES">
   </ArchiveAction>
</Scheme>
